{
  "name": "Portfolio-Project",
  "lockfileVersion": 3,
  "requires": true,
  "packages": {
    "": {
      "devDependencies": {
        "@ljharb/tsconfig": "^0.3.2",
        "@types/googlemaps": "^3.43.3"
      }
    },
    "node_modules/@ljharb/tsconfig": {
      "version": "0.3.2",
      "resolved": "https://registry.npmjs.org/@ljharb/tsconfig/-/tsconfig-0.3.2.tgz",
      "integrity": "sha512-eAl8JEVuTikzBOgymq/ndBPOH5hThMLlryKoH3O4evzNHO9VfxKF6f81gxWyCadO6zKKkXO0IVOh+nvYB0aTZQ==",
      "dev": true,
      "license": "MIT",
      "engines": {
        "node": ">= 0.4"
      }
    },
    "node_modules/@types/googlemaps": {
      "version": "3.43.3",
      "resolved": "https://registry.npmjs.org/@types/googlemaps/-/googlemaps-3.43.3.tgz",
      "integrity": "sha512-ZWNoz/O8MPEpiajvj7QiqCY8tTLFNqNZ/a+s+zTV58wFVNAvvqV4bdGfnsjTb5Cs4V6wEsLrX8XRhmnyYJ2Tdg==",
      "deprecated": "Types for the Google Maps browser API have moved to @types/google.maps. Note: these types are not for the googlemaps npm package, which is a Node API.",
      "dev": true,
      "license": "MIT"
    }
  }
}
